
Microsoft Visual Studio Solution File, Format Version 12.00
# Visual Studio 15
VisualStudioVersion = 15.0.27703.2035
MinimumVisualStudioVersion = 10.0.40219.1
Project("{FAE04EC0-301F-11D3-BF4B-00C04F79EFBC}") = "Api", "Api\Api.csproj", "{205CFF11-C9D5-4C72-AC91-A6590B2F17B8}"
EndProject
Project("{FAE04EC0-301F-11D3-BF4B-00C04F79EFBC}") = "AccesoADatos", "Project1\AccesoADatos.csproj", "{78173B13-B2BB-4F20-9C05-0A9EAE4B31AB}"
EndProject
Global
	GlobalSection(SolutionConfigurationPlatforms) = preSolution
		Debug|Any CPU = Debug|Any CPU
		Release|Any CPU = Release|Any CPU
	EndGlobalSection
	GlobalSection(ProjectConfigurationPlatforms) = postSolution
		{205CFF11-C9D5-4C72-AC91-A6590B2F17B8}.Debug|Any CPU.ActiveCfg = Debug|Any CPU
		{205CFF11-C9D5-4C72-AC91-A6590B2F17B8}.Debug|Any CPU.Build.0 = Debug|Any CPU
		{205CFF11-C9D5-4C72-AC91-A6590B2F17B8}.Release|Any CPU.ActiveCfg = Release|Any CPU
		{205CFF11-C9D5-4C72-AC91-A6590B2F17B8}.Release|Any CPU.Build.0 = Release|Any CPU
		{78173B13-B2BB-4F20-9C05-0A9EAE4B31AB}.Debug|Any CPU.ActiveCfg = Debug|Any CPU
		{78173B13-B2BB-4F20-9C05-0A9EAE4B31AB}.Debug|Any CPU.Build.0 = Debug|Any CPU
		{78173B13-B2BB-4F20-9C05-0A9EAE4B31AB}.Release|Any CPU.ActiveCfg = Release|Any CPU
		{78173B13-B2BB-4F20-9C05-0A9EAE4B31AB}.Release|Any CPU.Build.0 = Release|Any CPU
	EndGlobalSection
	GlobalSection(SolutionProperties) = preSolution
		HideSolutionNode = FALSE
	EndGlobalSection
	GlobalSection(ExtensibilityGlobals) = postSolution
		SolutionGuid = {3D27037C-5737-416D-B488-17ABCD65B1EF}
	EndGlobalSection
EndGlobal
